
Microsoft Visual Studio Solution File, Format Version 12.00
# Visual Studio 15
VisualStudioVersion = 15.0.26730.10
MinimumVisualStudioVersion = 10.0.40219.1
Project("{FAE04EC0-301F-11D3-BF4B-00C04F79EFBC}") = "MachineLearningRetrain", "MachineLearningRetrain\MachineLearningRetrain.csproj", "{98D1A439-1BB8-46ED-A002-E2A685D6BBD2}"
EndProject
Project("{FAE04EC0-301F-11D3-BF4B-00C04F79EFBC}") = "MachineLearningRetrainTests", "MachineLearningRetrainTests\MachineLearningRetrainTests.csproj", "{A973E1C8-AE03-4B84-8EF1-148CE358AD6E}"
EndProject
Project("{FAE04EC0-301F-11D3-BF4B-00C04F79EFBC}") = "RetrainModelFunction", "RetrainModelFunction\RetrainModelFunction.csproj", "{B02E5265-568B-4E92-9D56-43A96B89E912}"
EndProject
Global
	GlobalSection(SolutionConfigurationPlatforms) = preSolution
		Debug|Any CPU = Debug|Any CPU
		Release|Any CPU = Release|Any CPU
	EndGlobalSection
	GlobalSection(ProjectConfigurationPlatforms) = postSolution
		{98D1A439-1BB8-46ED-A002-E2A685D6BBD2}.Debug|Any CPU.ActiveCfg = Debug|Any CPU
		{98D1A439-1BB8-46ED-A002-E2A685D6BBD2}.Debug|Any CPU.Build.0 = Debug|Any CPU
		{98D1A439-1BB8-46ED-A002-E2A685D6BBD2}.Release|Any CPU.ActiveCfg = Release|Any CPU
		{98D1A439-1BB8-46ED-A002-E2A685D6BBD2}.Release|Any CPU.Build.0 = Release|Any CPU
		{A973E1C8-AE03-4B84-8EF1-148CE358AD6E}.Debug|Any CPU.ActiveCfg = Debug|Any CPU
		{A973E1C8-AE03-4B84-8EF1-148CE358AD6E}.Debug|Any CPU.Build.0 = Debug|Any CPU
		{A973E1C8-AE03-4B84-8EF1-148CE358AD6E}.Release|Any CPU.ActiveCfg = Release|Any CPU
		{A973E1C8-AE03-4B84-8EF1-148CE358AD6E}.Release|Any CPU.Build.0 = Release|Any CPU
		{B02E5265-568B-4E92-9D56-43A96B89E912}.Debug|Any CPU.ActiveCfg = Debug|Any CPU
		{B02E5265-568B-4E92-9D56-43A96B89E912}.Debug|Any CPU.Build.0 = Debug|Any CPU
		{B02E5265-568B-4E92-9D56-43A96B89E912}.Release|Any CPU.ActiveCfg = Release|Any CPU
		{B02E5265-568B-4E92-9D56-43A96B89E912}.Release|Any CPU.Build.0 = Release|Any CPU
	EndGlobalSection
	GlobalSection(SolutionProperties) = preSolution
		HideSolutionNode = FALSE
	EndGlobalSection
	GlobalSection(ExtensibilityGlobals) = postSolution
		SolutionGuid = {7D1D7643-216B-4328-BF60-9DDEAFCE763F}
	EndGlobalSection
EndGlobal
